version = 1
revision = 3
requires-python = ">=3.11"

[[package]]
name = "codefly-audit-fixture"
version = "0.1.0"
source = { virtual = "." }
dependencies = [
    { name = "urllib3" },
]

[package.metadata]
requires-dist = [{ name = "urllib3", specifier = "==1.26.5" }]

[[package]]
name = "urllib3"
version = "1.26.5"
source = { registry = "https://pypi.org/simple" }
sdist = { url = "https://files.pythonhosted.org/packages/94/40/c396b5b212533716949a4d295f91a4c100d51ba95ea9e2d96b6b0517e5a5/urllib3-1.26.5.tar.gz", hash = "sha256:a7acd0977125325f516bda9735fa7142b909a8d01e8b2e4c8108d0984e6e0098", size = 292865, upload-time = "2021-05-26T17:02:35.597Z" }
wheels = [
    { url = "https://files.pythonhosted.org/packages/0c/cd/1e2ec680ec7b09846dc6e605f5a7709dfb9d7128e51a026e7154e18a234e/urllib3-1.26.5-py2.py3-none-any.whl", hash = "sha256:753a0374df26658f99d826cfe40394a686d05985786d946fbe4165b5148f5a7c", size = 138144, upload-time = "2021-05-26T17:02:33.236Z" },
]
